PODS:
  - Parchment (3.0.1)
  - SWRevealViewController (2.3.0)

DEPENDENCIES:
  - Parchment (~> 3.0)
  - SWRevealViewController (~> 2.3)

SPEC REPOS:
  trunk:
    - Parchment
    - SWRevealViewController

SPEC CHECKSUMS:
  Parchment: 466a1cfb6151780db8acb4bbedc2d9c6bfa1e2ff
  SWRevealViewController: 6d3fd97f70112fd7cef9de14df4260eacce4c63a

PODFILE CHECKSUM: 4a4c3dfdfc9e771ea48cf89ae0c715d5fe22d775

COCOAPODS: 1.10.1
