PODS:
  - SwipeMenuViewController (4.1.0)
  - SWRevealViewController (2.3.0)

DEPENDENCIES:
  - SwipeMenuViewController
  - SWRevealViewController (~> 2.3)

SPEC REPOS:
  trunk:
    - SwipeMenuViewController
    - SWRevealViewController

SPEC CHECKSUMS:
  SwipeMenuViewController: 94fac81cc192d9f08f218fe4c0c853569b735e1f
  SWRevealViewController: 6d3fd97f70112fd7cef9de14df4260eacce4c63a

PODFILE CHECKSUM: 5a35e4e3530235e51ec1e865786ca07ed81f1e07

COCOAPODS: 1.10.1
