// !$*UTF8*$!
{
	archiveVersion = 1;
	classes = {
	};
	objectVersion = 50;
	objects = {

/* Begin PBXBuildFile section */
		44429AAB25BBF51400400332 /* DetailSushi.swift in Sources */ = {isa = PBXBuildFile; fileRef = 44429AAA25BBF51400400332 /* DetailSushi.swift */; };
		449CB71E25BB4A190064DCC8 /* AppDelegate.swift in Sources */ = {isa = PBXBuildFile; fileRef = 449CB71D25BB4A190064DCC8 /* AppDelegate.swift */; };
		449CB72025BB4A190064DCC8 /* SceneDelegate.swift in Sources */ = {isa = PBXBuildFile; fileRef = 449CB71F25BB4A190064DCC8 /* SceneDelegate.swift */; };
		449CB72525BB4A190064DCC8 /* Main.storyboard in Resources */ = {isa = PBXBuildFile; fileRef = 449CB72325BB4A190064DCC8 /* Main.storyboard */; };
		449CB72725BB4A1C0064DCC8 /* Assets.xcassets in Resources */ = {isa = PBXBuildFile; fileRef = 449CB72625BB4A1C0064DCC8 /* Assets.xcassets */; };
		449CB72A25BB4A1C0064DCC8 /* LaunchScreen.storyboard in Resources */ = {isa = PBXBuildFile; fileRef = 449CB72825BB4A1C0064DCC8 /* LaunchScreen.storyboard */; };
		449CB73225BB51EE0064DCC8 /* SushiListScreen.swift in Sources */ = {isa = PBXBuildFile; fileRef = 449CB73125BB51EE0064DCC8 /* SushiListScreen.swift */; };
		449CB73425BB597C0064DCC8 /* SushiCell.swift in Sources */ = {isa = PBXBuildFile; fileRef = 449CB73325BB597C0064DCC8 /* SushiCell.swift */; };
		449CB73625BB5B2B0064DCC8 /* Sushi.swift in Sources */ = {isa = PBXBuildFile; fileRef = 449CB73525BB5B2B0064DCC8 /* Sushi.swift */; };
		44A8CD9425BC80D500029F66 /* ContainerViewController.swift in Sources */ = {isa = PBXBuildFile; fileRef = 44A8CD9325BC80D500029F66 /* ContainerViewController.swift */; };
		44A8CD9625BC92F500029F66 /* MenuViewController.swift in Sources */ = {isa = PBXBuildFile; fileRef = 44A8CD9525BC92F500029F66 /* MenuViewController.swift */; };
/* End PBXBuildFile section */

/* Begin PBXFileReference section */
		44429AAA25BBF51400400332 /* DetailSushi.swift */ = {isa = PBXFileReference; lastKnownFileType = sourcecode.swift; path = DetailSushi.swift; sourceTree = "<group>"; };
		449CB71A25BB4A190064DCC8 /* Sushiwok.app */ = {isa = PBXFileReference; explicitFileType = wrapper.application; includeInIndex = 0; path = Sushiwok.app; sourceTree = BUILT_PRODUCTS_DIR; };
		449CB71D25BB4A190064DCC8 /* AppDelegate.swift */ = {isa = PBXFileReference; lastKnownFileType = sourcecode.swift; path = AppDelegate.swift; sourceTree = "<group>"; };
		449CB71F25BB4A190064DCC8 /* SceneDelegate.swift */ = {isa = PBXFileReference; lastKnownFileType = sourcecode.swift; path = SceneDelegate.swift; sourceTree = "<group>"; };
		449CB72425BB4A190064DCC8 /* Base */ = {isa = PBXFileReference; lastKnownFileType = file.storyboard; name = Base; path = Base.lproj/Main.storyboard; sourceTree = "<group>"; };
		449CB72625BB4A1C0064DCC8 /* Assets.xcassets */ = {isa = PBXFileReference; lastKnownFileType = folder.assetcatalog; path = Assets.xcassets; sourceTree = "<group>"; };
		449CB72925BB4A1C0064DCC8 /* Base */ = {isa = PBXFileReference; lastKnownFileType = file.storyboard; name = Base; path = Base.lproj/LaunchScreen.storyboard; sourceTree = "<group>"; };
		449CB72B25BB4A1C0064DCC8 /* Info.plist */ = {isa = PBXFileReference; lastKnownFileType = text.plist.xml; path = Info.plist; sourceTree = "<group>"; };
		449CB73125BB51EE0064DCC8 /* SushiListScreen.swift */ = {isa = PBXFileReference; lastKnownFileType = sourcecode.swift; path = SushiListScreen.swift; sourceTree = "<group>"; };
		449CB73325BB597C0064DCC8 /* SushiCell.swift */ = {isa = PBXFileReference; lastKnownFileType = sourcecode.swift; path = SushiCell.swift; sourceTree = "<group>"; };
		449CB73525BB5B2B0064DCC8 /* Sushi.swift */ = {isa = PBXFileReference; lastKnownFileType = sourcecode.swift; path = Sushi.swift; sourceTree = "<group>"; };
		44A8CD9325BC80D500029F66 /* ContainerViewController.swift */ = {isa = PBXFileReference; lastKnownFileType = sourcecode.swift; path = ContainerViewController.swift; sourceTree = "<group>"; };
		44A8CD9525BC92F500029F66 /* MenuViewController.swift */ = {isa = PBXFileReference; lastKnownFileType = sourcecode.swift; path = MenuViewController.swift; sourceTree = "<group>"; };
/* End PBXFileReference section */

/* Begin PBXFrameworksBuildPhase section */
		449CB71725BB4A190064DCC8 /* Frameworks */ = {
			isa = PBXFrameworksBuildPhase;
			buildActionMask = 2147483647;
			files = (
			);
			runOnlyForDeploymentPostprocessing = 0;
		};
/* End PBXFrameworksBuildPhase section */

/* Begin PBXGroup section */
		44429AAC25BC1CD400400332 /* Model */ = {
			isa = PBXGroup;
			children = (
				449CB73525BB5B2B0064DCC8 /* Sushi.swift */,
			);
			path = Model;
			sourceTree = "<group>";
		};
		44429AAD25BC1D4A00400332 /* Controller */ = {
			isa = PBXGroup;
			children = (
				449CB73125BB51EE0064DCC8 /* SushiListScreen.swift */,
				449CB73325BB597C0064DCC8 /* SushiCell.swift */,
				44429AAA25BBF51400400332 /* DetailSushi.swift */,
				44A8CD9325BC80D500029F66 /* ContainerViewController.swift */,
				44A8CD9525BC92F500029F66 /* MenuViewController.swift */,
			);
			path = Controller;
			sourceTree = "<group>";
		};
		44429AAE25BC1D7C00400332 /* View */ = {
			isa = PBXGroup;
			children = (
			);
			path = View;
			sourceTree = "<group>";
		};
		449CB71125BB4A190064DCC8 = {
			isa = PBXGroup;
			children = (
				449CB71C25BB4A190064DCC8 /* Sushiwok */,
				449CB71B25BB4A190064DCC8 /* Products */,
			);
			sourceTree = "<group>";
		};
		449CB71B25BB4A190064DCC8 /* Products */ = {
			isa = PBXGroup;
			children = (
				449CB71A25BB4A190064DCC8 /* Sushiwok.app */,
			);
			name = Products;
			sourceTree = "<group>";
		};
		449CB71C25BB4A190064DCC8 /* Sushiwok */ = {
			isa = PBXGroup;
			children = (
				449CB71D25BB4A190064DCC8 /* AppDelegate.swift */,
				449CB71F25BB4A190064DCC8 /* SceneDelegate.swift */,
				44429AAD25BC1D4A00400332 /* Controller */,
				44429AAC25BC1CD400400332 /* Model */,
				44429AAE25BC1D7C00400332 /* View */,
				449CB72325BB4A190064DCC8 /* Main.storyboard */,
				449CB72625BB4A1C0064DCC8 /* Assets.xcassets */,
				449CB72825BB4A1C0064DCC8 /* LaunchScreen.storyboard */,
				449CB72B25BB4A1C0064DCC8 /* Info.plist */,
			);
			path = Sushiwok;
			sourceTree = "<group>";
		};
/* End PBXGroup section */

/* Begin PBXNativeTarget section */
		449CB71925BB4A190064DCC8 /* Sushiwok */ = {
			isa = PBXNativeTarget;
			buildConfigurationList = 449CB72E25BB4A1C0064DCC8 /* Build configuration list for PBXNativeTarget "Sushiwok" */;
			buildPhases = (
				449CB71625BB4A190064DCC8 /* Sources */,
				449CB71725BB4A190064DCC8 /* Frameworks */,
				449CB71825BB4A190064DCC8 /* Resources */,
			);
			buildRules = (
			);
			dependencies = (
			);
			name = Sushiwok;
			productName = Sushiwok;
			productReference = 449CB71A25BB4A190064DCC8 /* Sushiwok.app */;
			productType = "com.apple.product-type.application";
		};
/* End PBXNativeTarget section */

/* Begin PBXProject section */
		449CB71225BB4A190064DCC8 /* Project object */ = {
			isa = PBXProject;
			attributes = {
				LastSwiftUpdateCheck = 1160;
				LastUpgradeCheck = 1160;
				ORGANIZATIONNAME = "Виталий Шаповалов";
				TargetAttributes = {
					449CB71925BB4A190064DCC8 = {
						CreatedOnToolsVersion = 11.6;
					};
				};
			};
			buildConfigurationList = 449CB71525BB4A190064DCC8 /* Build configuration list for PBXProject "Sushiwok" */;
			compatibilityVersion = "Xcode 9.3";
			developmentRegion = en;
			hasScannedForEncodings = 0;
			knownRegions = (
				en,
				Base,
			);
			mainGroup = 449CB71125BB4A190064DCC8;
			productRefGroup = 449CB71B25BB4A190064DCC8 /* Products */;
			projectDirPath = "";
			projectRoot = "";
			targets = (
				449CB71925BB4A190064DCC8 /* Sushiwok */,
			);
		};
/* End PBXProject section */

/* Begin PBXResourcesBuildPhase section */
		449CB71825BB4A190064DCC8 /* Resources */ = {
			isa = PBXResourcesBuildPhase;
			buildActionMask = 2147483647;
			files = (
				449CB72A25BB4A1C0064DCC8 /* LaunchScreen.storyboard in Resources */,
				449CB72725BB4A1C0064DCC8 /* Assets.xcassets in Resources */,
				449CB72525BB4A190064DCC8 /* Main.storyboard in Resources */,
			);
			runOnlyForDeploymentPostprocessing = 0;
		};
/* End PBXResourcesBuildPhase section */

/* Begin PBXSourcesBuildPhase section */
		449CB71625BB4A190064DCC8 /* Sources */ = {
			isa = PBXSourcesBuildPhase;
			buildActionMask = 2147483647;
			files = (
				449CB71E25BB4A190064DCC8 /* AppDelegate.swift in Sources */,
				44429AAB25BBF51400400332 /* DetailSushi.swift in Sources */,
				44A8CD9425BC80D500029F66 /* ContainerViewController.swift in Sources */,
				449CB72025BB4A190064DCC8 /* SceneDelegate.swift in Sources */,
				449CB73425BB597C0064DCC8 /* SushiCell.swift in Sources */,
				449CB73625BB5B2B0064DCC8 /* Sushi.swift in Sources */,
				449CB73225BB51EE0064DCC8 /* SushiListScreen.swift in Sources */,
				44A8CD9625BC92F500029F66 /* MenuViewController.swift in Sources */,
			);
			runOnlyForDeploymentPostprocessing = 0;
		};
/* End PBXSourcesBuildPhase section */

/* Begin PBXVariantGroup section */
		449CB72325BB4A190064DCC8 /* Main.storyboard */ = {
			isa = PBXVariantGroup;
			children = (
				449CB72425BB4A190064DCC8 /* Base */,
			);
			name = Main.storyboard;
			sourceTree = "<group>";
		};
		449CB72825BB4A1C0064DCC8 /* LaunchScreen.storyboard */ = {
			isa = PBXVariantGroup;
			children = (
				449CB72925BB4A1C0064DCC8 /* Base */,
			);
			name = LaunchScreen.storyboard;
			sourceTree = "<group>";
		};
/* End PBXVariantGroup section */

/* Begin XCBuildConfiguration section */
		449CB72C25BB4A1C0064DCC8 /* Debug */ = {
			isa = XCBuildConfiguration;
			buildSettings = {
				ALWAYS_SEARCH_USER_PATHS = NO;
				CLANG_ANALYZER_NONNULL = YES;
				CLANG_ANALYZER_NUMBER_OBJECT_CONVERSION = YES_AGGRESSIVE;
				CLANG_CXX_LANGUAGE_STANDARD = "gnu++14";
				CLANG_CXX_LIBRARY = "libc++";
				CLANG_ENABLE_MODULES = YES;
				CLANG_ENABLE_OBJC_ARC = YES;
				CLANG_ENABLE_OBJC_WEAK = YES;
				CLANG_WARN_BLOCK_CAPTURE_AUTORELEASING = YES;
				CLANG_WARN_BOOL_CONVERSION = YES;
				CLANG_WARN_COMMA = YES;
				CLANG_WARN_CONSTANT_CONVERSION = YES;
				CLANG_WARN_DEPRECATED_OBJC_IMPLEMENTATIONS = YES;
				CLANG_WARN_DIRECT_OBJC_ISA_USAGE = YES_ERROR;
				CLANG_WARN_DOCUMENTATION_COMMENTS = YES;
				CLANG_WARN_EMPTY_BODY = YES;
				CLANG_WARN_ENUM_CONVERSION = YES;
				CLANG_WARN_INFINITE_RECURSION = YES;
				CLANG_WARN_INT_CONVERSION = YES;
				CLANG_WARN_NON_LITERAL_NULL_CONVERSION = YES;
				CLANG_WARN_OBJC_IMPLICIT_RETAIN_SELF = YES;
				CLANG_WARN_OBJC_LITERAL_CONVERSION = YES;
				CLANG_WARN_OBJC_ROOT_CLASS = YES_ERROR;
				CLANG_WARN_RANGE_LOOP_ANALYSIS = YES;
				CLANG_WARN_STRICT_PROTOTYPES = YES;
				CLANG_WARN_SUSPICIOUS_MOVE = YES;
				CLANG_WARN_UNGUARDED_AVAILABILITY = YES_AGGRESSIVE;
				CLANG_WARN_UNREACHABLE_CODE = YES;
				CLANG_WARN__DUPLICATE_METHOD_MATCH = YES;
				COPY_PHASE_STRIP = NO;
				DEBUG_INFORMATION_FORMAT = dwarf;
				ENABLE_STRICT_OBJC_MSGSEND = YES;
				ENABLE_TESTABILITY = YES;
				GCC_C_LANGUAGE_STANDARD = gnu11;
				GCC_DYNAMIC_NO_PIC = NO;
				GCC_NO_COMMON_BLOCKS = YES;
				GCC_OPTIMIZATION_LEVEL = 0;
				GCC_PREPROCESSOR_DEFINITIONS = (
					"DEBUG=1",
					"$(inherited)",
				);
				GCC_WARN_64_TO_32_BIT_CONVERSION = YES;
				GCC_WARN_ABOUT_RETURN_TYPE = YES_ERROR;
				GCC_WARN_UNDECLARED_SELECTOR = YES;
				GCC_WARN_UNINITIALIZED_AUTOS = YES_AGGRESSIVE;
				GCC_WARN_UNUSED_FUNCTION = YES;
				GCC_WARN_UNUSED_VARIABLE = YES;
				IPHONEOS_DEPLOYMENT_TARGET = 13.6;
				MTL_ENABLE_DEBUG_INFO = INCLUDE_SOURCE;
				MTL_FAST_MATH = YES;
				ONLY_ACTIVE_ARCH = YES;
				SDKROOT = iphoneos;
				SWIFT_ACTIVE_COMPILATION_CONDITIONS = DEBUG;
				SWIFT_OPTIMIZATION_LEVEL = "-Onone";
			};
			name = Debug;
		};
		449CB72D25BB4A1C0064DCC8 /* Release */ = {
			isa = XCBuildConfiguration;
			buildSettings = {
				ALWAYS_SEARCH_USER_PATHS = NO;
				CLANG_ANALYZER_NONNULL = YES;
				CLANG_ANALYZER_NUMBER_OBJECT_CONVERSION = YES_AGGRESSIVE;
				CLANG_CXX_LANGUAGE_STANDARD = "gnu++14";
				CLANG_CXX_LIBRARY = "libc++";
				CLANG_ENABLE_MODULES = YES;
				CLANG_ENABLE_OBJC_ARC = YES;
				CLANG_ENABLE_OBJC_WEAK = YES;
				CLANG_WARN_BLOCK_CAPTURE_AUTORELEASING = YES;
				CLANG_WARN_BOOL_CONVERSION = YES;
				CLANG_WARN_COMMA = YES;
				CLANG_WARN_CONSTANT_CONVERSION = YES;
				CLANG_WARN_DEPRECATED_OBJC_IMPLEMENTATIONS = YES;
				CLANG_WARN_DIRECT_OBJC_ISA_USAGE = YES_ERROR;
				CLANG_WARN_DOCUMENTATION_COMMENTS = YES;
				CLANG_WARN_EMPTY_BODY = YES;
				CLANG_WARN_ENUM_CONVERSION = YES;
				CLANG_WARN_INFINITE_RECURSION = YES;
				CLANG_WARN_INT_CONVERSION = YES;
				CLANG_WARN_NON_LITERAL_NULL_CONVERSION = YES;
				CLANG_WARN_OBJC_IMPLICIT_RETAIN_SELF = YES;
				CLANG_WARN_OBJC_LITERAL_CONVERSION = YES;
				CLANG_WARN_OBJC_ROOT_CLASS = YES_ERROR;
				CLANG_WARN_RANGE_LOOP_ANALYSIS = YES;
				CLANG_WARN_STRICT_PROTOTYPES = YES;
				CLANG_WARN_SUSPICIOUS_MOVE = YES;
				CLANG_WARN_UNGUARDED_AVAILABILITY = YES_AGGRESSIVE;
				CLANG_WARN_UNREACHABLE_CODE = YES;
				CLANG_WARN__DUPLICATE_METHOD_MATCH = YES;
				COPY_PHASE_STRIP = NO;
				DEBUG_INFORMATION_FORMAT = "dwarf-with-dsym";
				ENABLE_NS_ASSERTIONS = NO;
				ENABLE_STRICT_OBJC_MSGSEND = YES;
				GCC_C_LANGUAGE_STANDARD = gnu11;
				GCC_NO_COMMON_BLOCKS = YES;
				GCC_WARN_64_TO_32_BIT_CONVERSION = YES;
				GCC_WARN_ABOUT_RETURN_TYPE = YES_ERROR;
				GCC_WARN_UNDECLARED_SELECTOR = YES;
				GCC_WARN_UNINITIALIZED_AUTOS = YES_AGGRESSIVE;
				GCC_WARN_UNUSED_FUNCTION = YES;
				GCC_WARN_UNUSED_VARIABLE = YES;
				IPHONEOS_DEPLOYMENT_TARGET = 13.6;
				MTL_ENABLE_DEBUG_INFO = NO;
				MTL_FAST_MATH = YES;
				SDKROOT = iphoneos;
				SWIFT_COMPILATION_MODE = wholemodule;
				SWIFT_OPTIMIZATION_LEVEL = "-O";
				VALIDATE_PRODUCT = YES;
			};
			name = Release;
		};
		449CB72F25BB4A1C0064DCC8 /* Debug */ = {
			isa = XCBuildConfiguration;
			buildSettings = {
				ASSETCATALOG_COMPILER_APPICON_NAME = AppIcon;
				CODE_SIGN_STYLE = Automatic;
				DEVELOPMENT_TEAM = R358T89G6H;
				INFOPLIST_FILE = Sushiwok/Info.plist;
				LD_RUNPATH_SEARCH_PATHS = (
					"$(inherited)",
					"@executable_path/Frameworks",
				);
				PRODUCT_BUNDLE_IDENTIFIER = com.blacksymphony.Sushiwok;
				PRODUCT_NAME = "$(TARGET_NAME)";
				SWIFT_VERSION = 5.0;
				TARGETED_DEVICE_FAMILY = "1,2";
			};
			name = Debug;
		};
		449CB73025BB4A1C0064DCC8 /* Release */ = {
			isa = XCBuildConfiguration;
			buildSettings = {
				ASSETCATALOG_COMPILER_APPICON_NAME = AppIcon;
				CODE_SIGN_STYLE = Automatic;
				DEVELOPMENT_TEAM = R358T89G6H;
				INFOPLIST_FILE = Sushiwok/Info.plist;
				LD_RUNPATH_SEARCH_PATHS = (
					"$(inherited)",
					"@executable_path/Frameworks",
				);
				PRODUCT_BUNDLE_IDENTIFIER = com.blacksymphony.Sushiwok;
				PRODUCT_NAME = "$(TARGET_NAME)";
				SWIFT_VERSION = 5.0;
				TARGETED_DEVICE_FAMILY = "1,2";
			};
			name = Release;
		};
/* End XCBuildConfiguration section */

/* Begin XCConfigurationList section */
		449CB71525BB4A190064DCC8 /* Build configuration list for PBXProject "Sushiwok" */ = {
			isa = XCConfigurationList;
			buildConfigurations = (
				449CB72C25BB4A1C0064DCC8 /* Debug */,
				449CB72D25BB4A1C0064DCC8 /* Release */,
			);
			defaultConfigurationIsVisible = 0;
			defaultConfigurationName = Release;
		};
		449CB72E25BB4A1C0064DCC8 /* Build configuration list for PBXNativeTarget "Sushiwok" */ = {
			isa = XCConfigurationList;
			buildConfigurations = (
				449CB72F25BB4A1C0064DCC8 /* Debug */,
				449CB73025BB4A1C0064DCC8 /* Release */,
			);
			defaultConfigurationIsVisible = 0;
			defaultConfigurationName = Release;
		};
/* End XCConfigurationList section */
	};
	rootObject = 449CB71225BB4A190064DCC8 /* Project object */;
}
