// !$*UTF8*$!
{
	archiveVersion = 1;
	classes = {
	};
	objectVersion = 51;
	objects = {

/* Begin PBXBuildFile section */
		1A6A95427023DF77A242AFAC /* Pods_Sushiwok.framework in Frameworks */ = {isa = PBXBuildFile; fileRef = 4E2ADD44CC6F4803A3949701 /* Pods_Sushiwok.framework */; };
		44429AAB25BBF51400400332 /* DetailListItem.swift in Sources */ = {isa = PBXBuildFile; fileRef = 44429AAA25BBF51400400332 /* DetailListItem.swift */; };
		4453B30A25BF5D1500D35952 /* ShareViewController.swift in Sources */ = {isa = PBXBuildFile; fileRef = 4453B30925BF5D1500D35952 /* ShareViewController.swift */; };
		4453B30C25BF5D2000D35952 /* MapViewController.swift in Sources */ = {isa = PBXBuildFile; fileRef = 4453B30B25BF5D2000D35952 /* MapViewController.swift */; };
		4453B30E25BF5D3A00D35952 /* MenuViewController.swift in Sources */ = {isa = PBXBuildFile; fileRef = 4453B30D25BF5D3A00D35952 /* MenuViewController.swift */; };
		4453B31625BF712600D35952 /* FavoritesViewController.swift in Sources */ = {isa = PBXBuildFile; fileRef = 4453B31525BF712600D35952 /* FavoritesViewController.swift */; };
		449CB71E25BB4A190064DCC8 /* AppDelegate.swift in Sources */ = {isa = PBXBuildFile; fileRef = 449CB71D25BB4A190064DCC8 /* AppDelegate.swift */; };
		449CB72025BB4A190064DCC8 /* SceneDelegate.swift in Sources */ = {isa = PBXBuildFile; fileRef = 449CB71F25BB4A190064DCC8 /* SceneDelegate.swift */; };
		449CB72525BB4A190064DCC8 /* Main.storyboard in Resources */ = {isa = PBXBuildFile; fileRef = 449CB72325BB4A190064DCC8 /* Main.storyboard */; };
		449CB72725BB4A1C0064DCC8 /* Assets.xcassets in Resources */ = {isa = PBXBuildFile; fileRef = 449CB72625BB4A1C0064DCC8 /* Assets.xcassets */; };
		449CB72A25BB4A1C0064DCC8 /* LaunchScreen.storyboard in Resources */ = {isa = PBXBuildFile; fileRef = 449CB72825BB4A1C0064DCC8 /* LaunchScreen.storyboard */; };
		449CB73225BB51EE0064DCC8 /* MenuListScreen.swift in Sources */ = {isa = PBXBuildFile; fileRef = 449CB73125BB51EE0064DCC8 /* MenuListScreen.swift */; };
		449CB73425BB597C0064DCC8 /* ListItemCell.swift in Sources */ = {isa = PBXBuildFile; fileRef = 449CB73325BB597C0064DCC8 /* ListItemCell.swift */; };
		449CB73625BB5B2B0064DCC8 /* ListItem.swift in Sources */ = {isa = PBXBuildFile; fileRef = 449CB73525BB5B2B0064DCC8 /* ListItem.swift */; };
		44ABB00525D72DA50087F330 /* CategoryViewCell.xib in Resources */ = {isa = PBXBuildFile; fileRef = 44ABB00425D72DA50087F330 /* CategoryViewCell.xib */; };
		44AF45BB25D5C55C0085B395 /* CategoryViewCell.swift in Sources */ = {isa = PBXBuildFile; fileRef = 44AF45BA25D5C55C0085B395 /* CategoryViewCell.swift */; };
		44C55ABB25C0BEF40013B76E /* MenuTableViewCell.swift in Sources */ = {isa = PBXBuildFile; fileRef = 44C55ABA25C0BEF40013B76E /* MenuTableViewCell.swift */; };
		44C55ABD25C0C4E50013B76E /* MenuTableList.swift in Sources */ = {isa = PBXBuildFile; fileRef = 44C55ABC25C0C4E50013B76E /* MenuTableList.swift */; };
		44FFD95325E18EE600D8AED8 /* ContentMenuViewController.swift in Sources */ = {isa = PBXBuildFile; fileRef = 44FFD95225E18EE600D8AED8 /* ContentMenuViewController.swift */; };
/* End PBXBuildFile section */

/* Begin PBXFileReference section */
		44429AAA25BBF51400400332 /* DetailListItem.swift */ = {isa = PBXFileReference; lastKnownFileType = sourcecode.swift; path = DetailListItem.swift; sourceTree = "<group>"; };
		4453B30525BF53B200D35952 /* Sushiwok-Bridging-Header.h */ = {isa = PBXFileReference; lastKnownFileType = sourcecode.c.h; path = "Sushiwok-Bridging-Header.h"; sourceTree = "<group>"; };
		4453B30925BF5D1500D35952 /* ShareViewController.swift */ = {isa = PBXFileReference; lastKnownFileType = sourcecode.swift; path = ShareViewController.swift; sourceTree = "<group>"; };
		4453B30B25BF5D2000D35952 /* MapViewController.swift */ = {isa = PBXFileReference; lastKnownFileType = sourcecode.swift; path = MapViewController.swift; sourceTree = "<group>"; };
		4453B30D25BF5D3A00D35952 /* MenuViewController.swift */ = {isa = PBXFileReference; lastKnownFileType = sourcecode.swift; path = MenuViewController.swift; sourceTree = "<group>"; };
		4453B31525BF712600D35952 /* FavoritesViewController.swift */ = {isa = PBXFileReference; lastKnownFileType = sourcecode.swift; path = FavoritesViewController.swift; sourceTree = "<group>"; };
		449CB71A25BB4A190064DCC8 /* Sushiwok.app */ = {isa = PBXFileReference; explicitFileType = wrapper.application; includeInIndex = 0; path = Sushiwok.app; sourceTree = BUILT_PRODUCTS_DIR; };
		449CB71D25BB4A190064DCC8 /* AppDelegate.swift */ = {isa = PBXFileReference; lastKnownFileType = sourcecode.swift; path = AppDelegate.swift; sourceTree = "<group>"; };
		449CB71F25BB4A190064DCC8 /* SceneDelegate.swift */ = {isa = PBXFileReference; lastKnownFileType = sourcecode.swift; path = SceneDelegate.swift; sourceTree = "<group>"; };
		449CB72425BB4A190064DCC8 /* Base */ = {isa = PBXFileReference; lastKnownFileType = file.storyboard; name = Base; path = Base.lproj/Main.storyboard; sourceTree = "<group>"; };
		449CB72625BB4A1C0064DCC8 /* Assets.xcassets */ = {isa = PBXFileReference; lastKnownFileType = folder.assetcatalog; path = Assets.xcassets; sourceTree = "<group>"; };
		449CB72925BB4A1C0064DCC8 /* Base */ = {isa = PBXFileReference; lastKnownFileType = file.storyboard; name = Base; path = Base.lproj/LaunchScreen.storyboard; sourceTree = "<group>"; };
		449CB72B25BB4A1C0064DCC8 /* Info.plist */ = {isa = PBXFileReference; lastKnownFileType = text.plist.xml; path = Info.plist; sourceTree = "<group>"; };
		449CB73125BB51EE0064DCC8 /* MenuListScreen.swift */ = {isa = PBXFileReference; lastKnownFileType = sourcecode.swift; path = MenuListScreen.swift; sourceTree = "<group>"; };
		449CB73325BB597C0064DCC8 /* ListItemCell.swift */ = {isa = PBXFileReference; lastKnownFileType = sourcecode.swift; path = ListItemCell.swift; sourceTree = "<group>"; };
		449CB73525BB5B2B0064DCC8 /* ListItem.swift */ = {isa = PBXFileReference; lastKnownFileType = sourcecode.swift; path = ListItem.swift; sourceTree = "<group>"; };
		44ABB00425D72DA50087F330 /* CategoryViewCell.xib */ = {isa = PBXFileReference; lastKnownFileType = file.xib; path = CategoryViewCell.xib; sourceTree = "<group>"; };
		44AF45BA25D5C55C0085B395 /* CategoryViewCell.swift */ = {isa = PBXFileReference; fileEncoding = 4; lastKnownFileType = sourcecode.swift; path = CategoryViewCell.swift; sourceTree = "<group>"; };
		44C55ABA25C0BEF40013B76E /* MenuTableViewCell.swift */ = {isa = PBXFileReference; lastKnownFileType = sourcecode.swift; path = MenuTableViewCell.swift; sourceTree = "<group>"; };
		44C55ABC25C0C4E50013B76E /* MenuTableList.swift */ = {isa = PBXFileReference; lastKnownFileType = sourcecode.swift; path = MenuTableList.swift; sourceTree = "<group>"; };
		44FFD95225E18EE600D8AED8 /* ContentMenuViewController.swift */ = {isa = PBXFileReference; lastKnownFileType = sourcecode.swift; path = ContentMenuViewController.swift; sourceTree = "<group>"; };
		4E2ADD44CC6F4803A3949701 /* Pods_Sushiwok.framework */ = {isa = PBXFileReference; explicitFileType = wrapper.framework; includeInIndex = 0; path = Pods_Sushiwok.framework; sourceTree = BUILT_PRODUCTS_DIR; };
		6E695AE9C38D1D480D9D4EB4 /* Pods-Sushiwok.release.xcconfig */ = {isa = PBXFileReference; includeInIndex = 1; lastKnownFileType = text.xcconfig; name = "Pods-Sushiwok.release.xcconfig"; path = "Target Support Files/Pods-Sushiwok/Pods-Sushiwok.release.xcconfig"; sourceTree = "<group>"; };
		72D0344B647913D76D649FAF /* Pods-Sushiwok.debug.xcconfig */ = {isa = PBXFileReference; includeInIndex = 1; lastKnownFileType = text.xcconfig; name = "Pods-Sushiwok.debug.xcconfig"; path = "Target Support Files/Pods-Sushiwok/Pods-Sushiwok.debug.xcconfig"; sourceTree = "<group>"; };
/* End PBXFileReference section */

/* Begin PBXFrameworksBuildPhase section */
		449CB71725BB4A190064DCC8 /* Frameworks */ = {
			isa = PBXFrameworksBuildPhase;
			buildActionMask = 2147483647;
			files = (
				1A6A95427023DF77A242AFAC /* Pods_Sushiwok.framework in Frameworks */,
			);
			runOnlyForDeploymentPostprocessing = 0;
		};
/* End PBXFrameworksBuildPhase section */

/* Begin PBXGroup section */
		44429AAC25BC1CD400400332 /* Models */ = {
			isa = PBXGroup;
			children = (
				449CB73525BB5B2B0064DCC8 /* ListItem.swift */,
				44C55ABC25C0C4E50013B76E /* MenuTableList.swift */,
			);
			path = Models;
			sourceTree = "<group>";
		};
		44429AAD25BC1D4A00400332 /* Controllers */ = {
			isa = PBXGroup;
			children = (
				449CB73125BB51EE0064DCC8 /* MenuListScreen.swift */,
				44429AAA25BBF51400400332 /* DetailListItem.swift */,
				4453B30D25BF5D3A00D35952 /* MenuViewController.swift */,
				4453B30925BF5D1500D35952 /* ShareViewController.swift */,
				4453B31525BF712600D35952 /* FavoritesViewController.swift */,
				4453B30B25BF5D2000D35952 /* MapViewController.swift */,
				44FFD95225E18EE600D8AED8 /* ContentMenuViewController.swift */,
			);
			path = Controllers;
			sourceTree = "<group>";
		};
		44429AAE25BC1D7C00400332 /* Views */ = {
			isa = PBXGroup;
			children = (
				44AF45BA25D5C55C0085B395 /* CategoryViewCell.swift */,
				44ABB00425D72DA50087F330 /* CategoryViewCell.xib */,
				44C55ABA25C0BEF40013B76E /* MenuTableViewCell.swift */,
				449CB73325BB597C0064DCC8 /* ListItemCell.swift */,
			);
			path = Views;
			sourceTree = "<group>";
		};
		449CB71125BB4A190064DCC8 = {
			isa = PBXGroup;
			children = (
				449CB71C25BB4A190064DCC8 /* Sushiwok */,
				449CB71B25BB4A190064DCC8 /* Products */,
				A795CBE8EFBD386A124D4E33 /* Pods */,
				C7D3143EAA97D0E999CE43F3 /* Frameworks */,
			);
			sourceTree = "<group>";
		};
		449CB71B25BB4A190064DCC8 /* Products */ = {
			isa = PBXGroup;
			children = (
				449CB71A25BB4A190064DCC8 /* Sushiwok.app */,
			);
			name = Products;
			sourceTree = "<group>";
		};
		449CB71C25BB4A190064DCC8 /* Sushiwok */ = {
			isa = PBXGroup;
			children = (
				449CB71D25BB4A190064DCC8 /* AppDelegate.swift */,
				449CB71F25BB4A190064DCC8 /* SceneDelegate.swift */,
				4453B30525BF53B200D35952 /* Sushiwok-Bridging-Header.h */,
				44429AAD25BC1D4A00400332 /* Controllers */,
				44429AAC25BC1CD400400332 /* Models */,
				44429AAE25BC1D7C00400332 /* Views */,
				449CB72325BB4A190064DCC8 /* Main.storyboard */,
				449CB72625BB4A1C0064DCC8 /* Assets.xcassets */,
				449CB72825BB4A1C0064DCC8 /* LaunchScreen.storyboard */,
				449CB72B25BB4A1C0064DCC8 /* Info.plist */,
			);
			path = Sushiwok;
			sourceTree = "<group>";
		};
		A795CBE8EFBD386A124D4E33 /* Pods */ = {
			isa = PBXGroup;
			children = (
				72D0344B647913D76D649FAF /* Pods-Sushiwok.debug.xcconfig */,
				6E695AE9C38D1D480D9D4EB4 /* Pods-Sushiwok.release.xcconfig */,
			);
			path = Pods;
			sourceTree = "<group>";
		};
		C7D3143EAA97D0E999CE43F3 /* Frameworks */ = {
			isa = PBXGroup;
			children = (
				4E2ADD44CC6F4803A3949701 /* Pods_Sushiwok.framework */,
			);
			name = Frameworks;
			sourceTree = "<group>";
		};
/* End PBXGroup section */

/* Begin PBXNativeTarget section */
		449CB71925BB4A190064DCC8 /* Sushiwok */ = {
			isa = PBXNativeTarget;
			buildConfigurationList = 449CB72E25BB4A1C0064DCC8 /* Build configuration list for PBXNativeTarget "Sushiwok" */;
			buildPhases = (
				7514FB512A0CE080BE431C0B /* [CP] Check Pods Manifest.lock */,
				449CB71625BB4A190064DCC8 /* Sources */,
				449CB71725BB4A190064DCC8 /* Frameworks */,
				449CB71825BB4A190064DCC8 /* Resources */,
				E92FB7474438B8F8C5CD0189 /* [CP] Embed Pods Frameworks */,
			);
			buildRules = (
			);
			dependencies = (
			);
			name = Sushiwok;
			productName = Sushiwok;
			productReference = 449CB71A25BB4A190064DCC8 /* Sushiwok.app */;
			productType = "com.apple.product-type.application";
		};
/* End PBXNativeTarget section */

/* Begin PBXProject section */
		449CB71225BB4A190064DCC8 /* Project object */ = {
			isa = PBXProject;
			attributes = {
				LastSwiftUpdateCheck = 1160;
				LastUpgradeCheck = 1160;
				ORGANIZATIONNAME = "Виталий Шаповалов";
				TargetAttributes = {
					449CB71925BB4A190064DCC8 = {
						CreatedOnToolsVersion = 11.6;
						LastSwiftMigration = 1160;
					};
				};
			};
			buildConfigurationList = 449CB71525BB4A190064DCC8 /* Build configuration list for PBXProject "Sushiwok" */;
			compatibilityVersion = "Xcode 9.3";
			developmentRegion = en;
			hasScannedForEncodings = 0;
			knownRegions = (
				en,
				Base,
			);
			mainGroup = 449CB71125BB4A190064DCC8;
			productRefGroup = 449CB71B25BB4A190064DCC8 /* Products */;
			projectDirPath = "";
			projectRoot = "";
			targets = (
				449CB71925BB4A190064DCC8 /* Sushiwok */,
			);
		};
/* End PBXProject section */

/* Begin PBXResourcesBuildPhase section */
		449CB71825BB4A190064DCC8 /* Resources */ = {
			isa = PBXResourcesBuildPhase;
			buildActionMask = 2147483647;
			files = (
				449CB72A25BB4A1C0064DCC8 /* LaunchScreen.storyboard in Resources */,
				449CB72725BB4A1C0064DCC8 /* Assets.xcassets in Resources */,
				449CB72525BB4A190064DCC8 /* Main.storyboard in Resources */,
				44ABB00525D72DA50087F330 /* CategoryViewCell.xib in Resources */,
			);
			runOnlyForDeploymentPostprocessing = 0;
		};
/* End PBXResourcesBuildPhase section */

/* Begin PBXShellScriptBuildPhase section */
		7514FB512A0CE080BE431C0B /* [CP] Check Pods Manifest.lock */ = {
			isa = PBXShellScriptBuildPhase;
			buildActionMask = 2147483647;
			files = (
			);
			inputFileListPaths = (
			);
			inputPaths = (
				"${PODS_PODFILE_DIR_PATH}/Podfile.lock",
				"${PODS_ROOT}/Manifest.lock",
			);
			name = "[CP] Check Pods Manifest.lock";
			outputFileListPaths = (
			);
			outputPaths = (
				"$(DERIVED_FILE_DIR)/Pods-Sushiwok-checkManifestLockResult.txt",
			);
			runOnlyForDeploymentPostprocessing = 0;
			shellPath = /bin/sh;
			shellScript = "diff \"${PODS_PODFILE_DIR_PATH}/Podfile.lock\" \"${PODS_ROOT}/Manifest.lock\" > /dev/null\nif [ $? != 0 ] ; then\n    # print error to STDERR\n    echo \"error: The sandbox is not in sync with the Podfile.lock. Run 'pod install' or update your CocoaPods installation.\" >&2\n    exit 1\nfi\n# This output is used by Xcode 'outputs' to avoid re-running this script phase.\necho \"SUCCESS\" > \"${SCRIPT_OUTPUT_FILE_0}\"\n";
			showEnvVarsInLog = 0;
		};
		E92FB7474438B8F8C5CD0189 /* [CP] Embed Pods Frameworks */ = {
			isa = PBXShellScriptBuildPhase;
			buildActionMask = 2147483647;
			files = (
			);
			inputFileListPaths = (
				"${PODS_ROOT}/Target Support Files/Pods-Sushiwok/Pods-Sushiwok-frameworks-${CONFIGURATION}-input-files.xcfilelist",
			);
			name = "[CP] Embed Pods Frameworks";
			outputFileListPaths = (
				"${PODS_ROOT}/Target Support Files/Pods-Sushiwok/Pods-Sushiwok-frameworks-${CONFIGURATION}-output-files.xcfilelist",
			);
			runOnlyForDeploymentPostprocessing = 0;
			shellPath = /bin/sh;
			shellScript = "\"${PODS_ROOT}/Target Support Files/Pods-Sushiwok/Pods-Sushiwok-frameworks.sh\"\n";
			showEnvVarsInLog = 0;
		};
/* End PBXShellScriptBuildPhase section */

/* Begin PBXSourcesBuildPhase section */
		449CB71625BB4A190064DCC8 /* Sources */ = {
			isa = PBXSourcesBuildPhase;
			buildActionMask = 2147483647;
			files = (
				449CB71E25BB4A190064DCC8 /* AppDelegate.swift in Sources */,
				4453B30E25BF5D3A00D35952 /* MenuViewController.swift in Sources */,
				44C55ABD25C0C4E50013B76E /* MenuTableList.swift in Sources */,
				44FFD95325E18EE600D8AED8 /* ContentMenuViewController.swift in Sources */,
				44C55ABB25C0BEF40013B76E /* MenuTableViewCell.swift in Sources */,
				44AF45BB25D5C55C0085B395 /* CategoryViewCell.swift in Sources */,
				44429AAB25BBF51400400332 /* DetailListItem.swift in Sources */,
				449CB72025BB4A190064DCC8 /* SceneDelegate.swift in Sources */,
				449CB73425BB597C0064DCC8 /* ListItemCell.swift in Sources */,
				4453B30A25BF5D1500D35952 /* ShareViewController.swift in Sources */,
				4453B31625BF712600D35952 /* FavoritesViewController.swift in Sources */,
				449CB73625BB5B2B0064DCC8 /* ListItem.swift in Sources */,
				4453B30C25BF5D2000D35952 /* MapViewController.swift in Sources */,
				449CB73225BB51EE0064DCC8 /* MenuListScreen.swift in Sources */,
			);
			runOnlyForDeploymentPostprocessing = 0;
		};
/* End PBXSourcesBuildPhase section */

/* Begin PBXVariantGroup section */
		449CB72325BB4A190064DCC8 /* Main.storyboard */ = {
			isa = PBXVariantGroup;
			children = (
				449CB72425BB4A190064DCC8 /* Base */,
			);
			name = Main.storyboard;
			sourceTree = "<group>";
		};
		449CB72825BB4A1C0064DCC8 /* LaunchScreen.storyboard */ = {
			isa = PBXVariantGroup;
			children = (
				449CB72925BB4A1C0064DCC8 /* Base */,
			);
			name = LaunchScreen.storyboard;
			sourceTree = "<group>";
		};
/* End PBXVariantGroup section */

/* Begin XCBuildConfiguration section */
		449CB72C25BB4A1C0064DCC8 /* Debug */ = {
			isa = XCBuildConfiguration;
			buildSettings = {
				ALWAYS_SEARCH_USER_PATHS = NO;
				CLANG_ANALYZER_NONNULL = YES;
				CLANG_ANALYZER_NUMBER_OBJECT_CONVERSION = YES_AGGRESSIVE;
				CLANG_CXX_LANGUAGE_STANDARD = "gnu++14";
				CLANG_CXX_LIBRARY = "libc++";
				CLANG_ENABLE_MODULES = YES;
				CLANG_ENABLE_OBJC_ARC = YES;
				CLANG_ENABLE_OBJC_WEAK = YES;
				CLANG_WARN_BLOCK_CAPTURE_AUTORELEASING = YES;
				CLANG_WARN_BOOL_CONVERSION = YES;
				CLANG_WARN_COMMA = YES;
				CLANG_WARN_CONSTANT_CONVERSION = YES;
				CLANG_WARN_DEPRECATED_OBJC_IMPLEMENTATIONS = YES;
				CLANG_WARN_DIRECT_OBJC_ISA_USAGE = YES_ERROR;
				CLANG_WARN_DOCUMENTATION_COMMENTS = YES;
				CLANG_WARN_EMPTY_BODY = YES;
				CLANG_WARN_ENUM_CONVERSION = YES;
				CLANG_WARN_INFINITE_RECURSION = YES;
				CLANG_WARN_INT_CONVERSION = YES;
				CLANG_WARN_NON_LITERAL_NULL_CONVERSION = YES;
				CLANG_WARN_OBJC_IMPLICIT_RETAIN_SELF = YES;
				CLANG_WARN_OBJC_LITERAL_CONVERSION = YES;
				CLANG_WARN_OBJC_ROOT_CLASS = YES_ERROR;
				CLANG_WARN_RANGE_LOOP_ANALYSIS = YES;
				CLANG_WARN_STRICT_PROTOTYPES = YES;
				CLANG_WARN_SUSPICIOUS_MOVE = YES;
				CLANG_WARN_UNGUARDED_AVAILABILITY = YES_AGGRESSIVE;
				CLANG_WARN_UNREACHABLE_CODE = YES;
				CLANG_WARN__DUPLICATE_METHOD_MATCH = YES;
				COPY_PHASE_STRIP = NO;
				DEBUG_INFORMATION_FORMAT = dwarf;
				ENABLE_STRICT_OBJC_MSGSEND = YES;
				ENABLE_TESTABILITY = YES;
				GCC_C_LANGUAGE_STANDARD = gnu11;
				GCC_DYNAMIC_NO_PIC = NO;
				GCC_NO_COMMON_BLOCKS = YES;
				GCC_OPTIMIZATION_LEVEL = 0;
				GCC_PREPROCESSOR_DEFINITIONS = (
					"DEBUG=1",
					"$(inherited)",
				);
				GCC_WARN_64_TO_32_BIT_CONVERSION = YES;
				GCC_WARN_ABOUT_RETURN_TYPE = YES_ERROR;
				GCC_WARN_UNDECLARED_SELECTOR = YES;
				GCC_WARN_UNINITIALIZED_AUTOS = YES_AGGRESSIVE;
				GCC_WARN_UNUSED_FUNCTION = YES;
				GCC_WARN_UNUSED_VARIABLE = YES;
				IPHONEOS_DEPLOYMENT_TARGET = 13.6;
				MTL_ENABLE_DEBUG_INFO = INCLUDE_SOURCE;
				MTL_FAST_MATH = YES;
				ONLY_ACTIVE_ARCH = YES;
				SDKROOT = iphoneos;
				SWIFT_ACTIVE_COMPILATION_CONDITIONS = DEBUG;
				SWIFT_OPTIMIZATION_LEVEL = "-Onone";
			};
			name = Debug;
		};
		449CB72D25BB4A1C0064DCC8 /* Release */ = {
			isa = XCBuildConfiguration;
			buildSettings = {
				ALWAYS_SEARCH_USER_PATHS = NO;
				CLANG_ANALYZER_NONNULL = YES;
				CLANG_ANALYZER_NUMBER_OBJECT_CONVERSION = YES_AGGRESSIVE;
				CLANG_CXX_LANGUAGE_STANDARD = "gnu++14";
				CLANG_CXX_LIBRARY = "libc++";
				CLANG_ENABLE_MODULES = YES;
				CLANG_ENABLE_OBJC_ARC = YES;
				CLANG_ENABLE_OBJC_WEAK = YES;
				CLANG_WARN_BLOCK_CAPTURE_AUTORELEASING = YES;
				CLANG_WARN_BOOL_CONVERSION = YES;
				CLANG_WARN_COMMA = YES;
				CLANG_WARN_CONSTANT_CONVERSION = YES;
				CLANG_WARN_DEPRECATED_OBJC_IMPLEMENTATIONS = YES;
				CLANG_WARN_DIRECT_OBJC_ISA_USAGE = YES_ERROR;
				CLANG_WARN_DOCUMENTATION_COMMENTS = YES;
				CLANG_WARN_EMPTY_BODY = YES;
				CLANG_WARN_ENUM_CONVERSION = YES;
				CLANG_WARN_INFINITE_RECURSION = YES;
				CLANG_WARN_INT_CONVERSION = YES;
				CLANG_WARN_NON_LITERAL_NULL_CONVERSION = YES;
				CLANG_WARN_OBJC_IMPLICIT_RETAIN_SELF = YES;
				CLANG_WARN_OBJC_LITERAL_CONVERSION = YES;
				CLANG_WARN_OBJC_ROOT_CLASS = YES_ERROR;
				CLANG_WARN_RANGE_LOOP_ANALYSIS = YES;
				CLANG_WARN_STRICT_PROTOTYPES = YES;
				CLANG_WARN_SUSPICIOUS_MOVE = YES;
				CLANG_WARN_UNGUARDED_AVAILABILITY = YES_AGGRESSIVE;
				CLANG_WARN_UNREACHABLE_CODE = YES;
				CLANG_WARN__DUPLICATE_METHOD_MATCH = YES;
				COPY_PHASE_STRIP = NO;
				DEBUG_INFORMATION_FORMAT = "dwarf-with-dsym";
				ENABLE_NS_ASSERTIONS = NO;
				ENABLE_STRICT_OBJC_MSGSEND = YES;
				GCC_C_LANGUAGE_STANDARD = gnu11;
				GCC_NO_COMMON_BLOCKS = YES;
				GCC_WARN_64_TO_32_BIT_CONVERSION = YES;
				GCC_WARN_ABOUT_RETURN_TYPE = YES_ERROR;
				GCC_WARN_UNDECLARED_SELECTOR = YES;
				GCC_WARN_UNINITIALIZED_AUTOS = YES_AGGRESSIVE;
				GCC_WARN_UNUSED_FUNCTION = YES;
				GCC_WARN_UNUSED_VARIABLE = YES;
				IPHONEOS_DEPLOYMENT_TARGET = 13.6;
				MTL_ENABLE_DEBUG_INFO = NO;
				MTL_FAST_MATH = YES;
				SDKROOT = iphoneos;
				SWIFT_COMPILATION_MODE = wholemodule;
				SWIFT_OPTIMIZATION_LEVEL = "-O";
				VALIDATE_PRODUCT = YES;
			};
			name = Release;
		};
		449CB72F25BB4A1C0064DCC8 /* Debug */ = {
			isa = XCBuildConfiguration;
			baseConfigurationReference = 72D0344B647913D76D649FAF /* Pods-Sushiwok.debug.xcconfig */;
			buildSettings = {
				ASSETCATALOG_COMPILER_APPICON_NAME = AppIcon;
				CLANG_ENABLE_MODULES = YES;
				CODE_SIGN_STYLE = Automatic;
				DEVELOPMENT_TEAM = R358T89G6H;
				INFOPLIST_FILE = Sushiwok/Info.plist;
				LD_RUNPATH_SEARCH_PATHS = (
					"$(inherited)",
					"@executable_path/Frameworks",
				);
				PRODUCT_BUNDLE_IDENTIFIER = com.blacksymphony.Sushiwok;
				PRODUCT_NAME = "$(TARGET_NAME)";
				SWIFT_OBJC_BRIDGING_HEADER = "Sushiwok/Sushiwok-Bridging-Header.h";
				SWIFT_OPTIMIZATION_LEVEL = "-Onone";
				SWIFT_VERSION = 5.0;
				TARGETED_DEVICE_FAMILY = "1,2";
			};
			name = Debug;
		};
		449CB73025BB4A1C0064DCC8 /* Release */ = {
			isa = XCBuildConfiguration;
			baseConfigurationReference = 6E695AE9C38D1D480D9D4EB4 /* Pods-Sushiwok.release.xcconfig */;
			buildSettings = {
				ASSETCATALOG_COMPILER_APPICON_NAME = AppIcon;
				CLANG_ENABLE_MODULES = YES;
				CODE_SIGN_STYLE = Automatic;
				DEVELOPMENT_TEAM = R358T89G6H;
				INFOPLIST_FILE = Sushiwok/Info.plist;
				LD_RUNPATH_SEARCH_PATHS = (
					"$(inherited)",
					"@executable_path/Frameworks",
				);
				PRODUCT_BUNDLE_IDENTIFIER = com.blacksymphony.Sushiwok;
				PRODUCT_NAME = "$(TARGET_NAME)";
				SWIFT_OBJC_BRIDGING_HEADER = "Sushiwok/Sushiwok-Bridging-Header.h";
				SWIFT_VERSION = 5.0;
				TARGETED_DEVICE_FAMILY = "1,2";
			};
			name = Release;
		};
/* End XCBuildConfiguration section */

/* Begin XCConfigurationList section */
		449CB71525BB4A190064DCC8 /* Build configuration list for PBXProject "Sushiwok" */ = {
			isa = XCConfigurationList;
			buildConfigurations = (
				449CB72C25BB4A1C0064DCC8 /* Debug */,
				449CB72D25BB4A1C0064DCC8 /* Release */,
			);
			defaultConfigurationIsVisible = 0;
			defaultConfigurationName = Release;
		};
		449CB72E25BB4A1C0064DCC8 /* Build configuration list for PBXNativeTarget "Sushiwok" */ = {
			isa = XCConfigurationList;
			buildConfigurations = (
				449CB72F25BB4A1C0064DCC8 /* Debug */,
				449CB73025BB4A1C0064DCC8 /* Release */,
			);
			defaultConfigurationIsVisible = 0;
			defaultConfigurationName = Release;
		};
/* End XCConfigurationList section */
	};
	rootObject = 449CB71225BB4A190064DCC8 /* Project object */;
}
